
Microsoft Visual Studio Solution File, Format Version 12.00
# Visual Studio Version 17
VisualStudioVersion = 17.6.33815.320
MinimumVisualStudioVersion = 10.0.40219.1
Project("{FAE04EC0-301F-11D3-BF4B-00C04F79EFBC}") = "Calendario", "Calendario\Calendario.csproj", "{95D72CB3-242E-4451-92FC-5AA45660AFE8}"
EndProject
Global
	GlobalSection(SolutionConfigurationPlatforms) = preSolution
		Debug|Any CPU = Debug|Any CPU
		Release|Any CPU = Release|Any CPU
	EndGlobalSection
	GlobalSection(ProjectConfigurationPlatforms) = postSolution
		{95D72CB3-242E-4451-92FC-5AA45660AFE8}.Debug|Any CPU.ActiveCfg = Debug|Any CPU
		{95D72CB3-242E-4451-92FC-5AA45660AFE8}.Debug|Any CPU.Build.0 = Debug|Any CPU
		{95D72CB3-242E-4451-92FC-5AA45660AFE8}.Release|Any CPU.ActiveCfg = Release|Any CPU
		{95D72CB3-242E-4451-92FC-5AA45660AFE8}.Release|Any CPU.Build.0 = Release|Any CPU
	EndGlobalSection
	GlobalSection(SolutionProperties) = preSolution
		HideSolutionNode = FALSE
	EndGlobalSection
	GlobalSection(ExtensibilityGlobals) = postSolution
		SolutionGuid = {4427CA0E-4BBB-4426-A8F1-4BDFFE64DC9F}
	EndGlobalSection
EndGlobal
